
Microsoft Visual Studio Solution File, Format Version 12.00
# Visual Studio Version 17
VisualStudioVersion = 17.7.34031.279
MinimumVisualStudioVersion = 10.0.40219.1
Project("{FAE04EC0-301F-11D3-BF4B-00C04F79EFBC}") = "RobotInterfaceValentinBrisel", "RobotInterfaceValentinBrisel\RobotInterfaceValentinBrisel.csproj", "{EB403E56-952A-433D-A166-40FB2E57C67C}"
EndProject
Global
	GlobalSection(SolutionConfigurationPlatforms) = preSolution
		Debug|Any CPU = Debug|Any CPU
		Release|Any CPU = Release|Any CPU
	EndGlobalSection
	GlobalSection(ProjectConfigurationPlatforms) = postSolution
		{EB403E56-952A-433D-A166-40FB2E57C67C}.Debug|Any CPU.ActiveCfg = Debug|Any CPU
		{EB403E56-952A-433D-A166-40FB2E57C67C}.Debug|Any CPU.Build.0 = Debug|Any CPU
		{EB403E56-952A-433D-A166-40FB2E57C67C}.Release|Any CPU.ActiveCfg = Release|Any CPU
		{EB403E56-952A-433D-A166-40FB2E57C67C}.Release|Any CPU.Build.0 = Release|Any CPU
	EndGlobalSection
	GlobalSection(SolutionProperties) = preSolution
		HideSolutionNode = FALSE
	EndGlobalSection
	GlobalSection(ExtensibilityGlobals) = postSolution
		SolutionGuid = {9E920224-3F4C-40A5-AC89-36DE3D8B215A}
	EndGlobalSection
EndGlobal
